{
    "_readme": [
        "This file locks the dependencies of your project to a known state",
        "Read more about it at https://getcomposer.org/doc/01-basic-usage.md#installing-dependencies",
        "This file is @generated automatically"
    ],
    "content-hash": "0f1333632f3604381bec6d50feb55296",
    "packages": [
        {
            "name": "puleeno/wallery",
            "version": "dev-master",
            "source": {
                "type": "git",
                "url": "https://github.com/puleeno/wallery.git",
                "reference": "012706cfb9e783008ff75f2ac6d79fad9742c363"
            },
            "dist": {
                "type": "zip",
                "url": "https://api.github.com/repos/puleeno/wallery/zipball/012706cfb9e783008ff75f2ac6d79fad9742c363",
                "reference": "012706cfb9e783008ff75f2ac6d79fad9742c363",
                "shasum": ""
            },
            "type": "library",
            "autoload": {
                "psr-4": {
                    "Puleeno\\Wallery\\": "src/"
                }
            },
            "notification-url": "https://packagist.org/downloads/",
            "license": [
                "MIT"
            ],
            "authors": [
                {
                    "name": "Puleeno Nguyen",
                    "email": "puleeno@gmail.com"
                }
            ],
            "description": "WordPress gallery for meta box and frontend post",
            "time": "2019-09-18T14:44:42+00:00"
        }
    ],
    "packages-dev": [],
    "aliases": [],
    "minimum-stability": "dev",
    "stability-flags": {
        "puleeno/wallery": 20
    },
    "prefer-stable": false,
    "prefer-lowest": false,
    "platform": [],
    "platform-dev": []
}
